
Microsoft Visual Studio Solution File, Format Version 12.00
# Visual Studio Version 16
VisualStudioVersion = 16.0.30621.155
MinimumVisualStudioVersion = 10.0.40219.1
Project("{8BC9CEB8-8B4A-11D0-8D11-00A0C91BC942}") = "leetcode_no714_买卖股票的最佳时机含手续费_w1", "leetcode_no714_买卖股票的最佳时机含手续费_w1.vcxproj", "{264D4B2F-92FE-45DC-A842-49D58759D699}"
EndProject
Global
	GlobalSection(SolutionConfigurationPlatforms) = preSolution
		Debug|x64 = Debug|x64
		Debug|x86 = Debug|x86
		Release|x64 = Release|x64
		Release|x86 = Release|x86
	EndGlobalSection
	GlobalSection(ProjectConfigurationPlatforms) = postSolution
		{264D4B2F-92FE-45DC-A842-49D58759D699}.Debug|x64.ActiveCfg = Debug|x64
		{264D4B2F-92FE-45DC-A842-49D58759D699}.Debug|x64.Build.0 = Debug|x64
		{264D4B2F-92FE-45DC-A842-49D58759D699}.Debug|x86.ActiveCfg = Debug|Win32
		{264D4B2F-92FE-45DC-A842-49D58759D699}.Debug|x86.Build.0 = Debug|Win32
		{264D4B2F-92FE-45DC-A842-49D58759D699}.Release|x64.ActiveCfg = Release|x64
		{264D4B2F-92FE-45DC-A842-49D58759D699}.Release|x64.Build.0 = Release|x64
		{264D4B2F-92FE-45DC-A842-49D58759D699}.Release|x86.ActiveCfg = Release|Win32
		{264D4B2F-92FE-45DC-A842-49D58759D699}.Release|x86.Build.0 = Release|Win32
	EndGlobalSection
	GlobalSection(SolutionProperties) = preSolution
		HideSolutionNode = FALSE
	EndGlobalSection
	GlobalSection(ExtensibilityGlobals) = postSolution
		SolutionGuid = {84389BD5-1CD4-455D-B746-00EC4CF02F90}
	EndGlobalSection
EndGlobal
